
Microsoft Visual Studio Solution File, Format Version 12.00
# Visual Studio Version 16
VisualStudioVersion = 16.0.31729.503
MinimumVisualStudioVersion = 10.0.40219.1
Project("{FAE04EC0-301F-11D3-BF4B-00C04F79EFBC}") = "01", "01\01.csproj", "{99CA08BF-ECAD-4D37-9986-C5A6552770D4}"
EndProject
Project("{FAE04EC0-301F-11D3-BF4B-00C04F79EFBC}") = "02", "02\02.csproj", "{AA2BBEED-4E3E-49E6-9C09-ED6CC5BC4B78}"
EndProject
Project("{FAE04EC0-301F-11D3-BF4B-00C04F79EFBC}") = "03", "03\03\03.csproj", "{3BE4A0D3-F8F4-4F1F-89B0-062D40CDD14B}"
EndProject
Project("{FAE04EC0-301F-11D3-BF4B-00C04F79EFBC}") = "04_Class", "04\04\04_Class.csproj", "{C6E80212-82F6-4E82-B393-B91DF3F3E554}"
EndProject
Project("{FAE04EC0-301F-11D3-BF4B-00C04F79EFBC}") = "05", "05\05\05.csproj", "{FFA4C9B0-E7BD-4E3A-BED2-018D3F84B571}"
EndProject
Project("{FAE04EC0-301F-11D3-BF4B-00C04F79EFBC}") = "06", "06\06.csproj", "{F3787A5E-AF1B-4CB0-9A4B-EC4C00AE5038}"
EndProject
Project("{FAE04EC0-301F-11D3-BF4B-00C04F79EFBC}") = "07", "07\07.csproj", "{2E56071D-B12C-4598-81BE-161A6783BD76}"
EndProject
Project("{FAE04EC0-301F-11D3-BF4B-00C04F79EFBC}") = "08", "08\08.csproj", "{BC6CFAE7-B59E-44B7-A77A-05F0E0BE3FE8}"
EndProject
Project("{FAE04EC0-301F-11D3-BF4B-00C04F79EFBC}") = "09", "09\09.csproj", "{1CED859F-A1D2-4A83-B5DC-79EB99C052BD}"
EndProject
Project("{FAE04EC0-301F-11D3-BF4B-00C04F79EFBC}") = "10", "10\10.csproj", "{2F08C183-1821-405B-A0D1-221AA9645251}"
EndProject
Project("{FAE04EC0-301F-11D3-BF4B-00C04F79EFBC}") = "11", "11\11.csproj", "{C296EF27-7B3E-4AE8-815A-466594A4D252}"
EndProject
Project("{FAE04EC0-301F-11D3-BF4B-00C04F79EFBC}") = "12", "12\12.csproj", "{9504E333-06CD-4C87-858F-B45458112468}"
EndProject
Global
	GlobalSection(SolutionConfigurationPlatforms) = preSolution
		Debug|Any CPU = Debug|Any CPU
		Release|Any CPU = Release|Any CPU
	EndGlobalSection
	GlobalSection(ProjectConfigurationPlatforms) = postSolution
		{99CA08BF-ECAD-4D37-9986-C5A6552770D4}.Debug|Any CPU.ActiveCfg = Debug|Any CPU
		{99CA08BF-ECAD-4D37-9986-C5A6552770D4}.Debug|Any CPU.Build.0 = Debug|Any CPU
		{99CA08BF-ECAD-4D37-9986-C5A6552770D4}.Release|Any CPU.ActiveCfg = Release|Any CPU
		{99CA08BF-ECAD-4D37-9986-C5A6552770D4}.Release|Any CPU.Build.0 = Release|Any CPU
		{AA2BBEED-4E3E-49E6-9C09-ED6CC5BC4B78}.Debug|Any CPU.ActiveCfg = Debug|Any CPU
		{AA2BBEED-4E3E-49E6-9C09-ED6CC5BC4B78}.Debug|Any CPU.Build.0 = Debug|Any CPU
		{AA2BBEED-4E3E-49E6-9C09-ED6CC5BC4B78}.Release|Any CPU.ActiveCfg = Release|Any CPU
		{AA2BBEED-4E3E-49E6-9C09-ED6CC5BC4B78}.Release|Any CPU.Build.0 = Release|Any CPU
		{3BE4A0D3-F8F4-4F1F-89B0-062D40CDD14B}.Debug|Any CPU.ActiveCfg = Debug|Any CPU
		{3BE4A0D3-F8F4-4F1F-89B0-062D40CDD14B}.Debug|Any CPU.Build.0 = Debug|Any CPU
		{3BE4A0D3-F8F4-4F1F-89B0-062D40CDD14B}.Release|Any CPU.ActiveCfg = Release|Any CPU
		{3BE4A0D3-F8F4-4F1F-89B0-062D40CDD14B}.Release|Any CPU.Build.0 = Release|Any CPU
		{C6E80212-82F6-4E82-B393-B91DF3F3E554}.Debug|Any CPU.ActiveCfg = Debug|Any CPU
		{C6E80212-82F6-4E82-B393-B91DF3F3E554}.Debug|Any CPU.Build.0 = Debug|Any CPU
		{C6E80212-82F6-4E82-B393-B91DF3F3E554}.Release|Any CPU.ActiveCfg = Release|Any CPU
		{C6E80212-82F6-4E82-B393-B91DF3F3E554}.Release|Any CPU.Build.0 = Release|Any CPU
		{FFA4C9B0-E7BD-4E3A-BED2-018D3F84B571}.Debug|Any CPU.ActiveCfg = Debug|Any CPU
		{FFA4C9B0-E7BD-4E3A-BED2-018D3F84B571}.Debug|Any CPU.Build.0 = Debug|Any CPU
		{FFA4C9B0-E7BD-4E3A-BED2-018D3F84B571}.Release|Any CPU.ActiveCfg = Release|Any CPU
		{FFA4C9B0-E7BD-4E3A-BED2-018D3F84B571}.Release|Any CPU.Build.0 = Release|Any CPU
		{F3787A5E-AF1B-4CB0-9A4B-EC4C00AE5038}.Debug|Any CPU.ActiveCfg = Debug|Any CPU
		{F3787A5E-AF1B-4CB0-9A4B-EC4C00AE5038}.Debug|Any CPU.Build.0 = Debug|Any CPU
		{F3787A5E-AF1B-4CB0-9A4B-EC4C00AE5038}.Release|Any CPU.ActiveCfg = Release|Any CPU
		{F3787A5E-AF1B-4CB0-9A4B-EC4C00AE5038}.Release|Any CPU.Build.0 = Release|Any CPU
		{2E56071D-B12C-4598-81BE-161A6783BD76}.Debug|Any CPU.ActiveCfg = Debug|Any CPU
		{2E56071D-B12C-4598-81BE-161A6783BD76}.Debug|Any CPU.Build.0 = Debug|Any CPU
		{2E56071D-B12C-4598-81BE-161A6783BD76}.Release|Any CPU.ActiveCfg = Release|Any CPU
		{2E56071D-B12C-4598-81BE-161A6783BD76}.Release|Any CPU.Build.0 = Release|Any CPU
		{BC6CFAE7-B59E-44B7-A77A-05F0E0BE3FE8}.Debug|Any CPU.ActiveCfg = Debug|Any CPU
		{BC6CFAE7-B59E-44B7-A77A-05F0E0BE3FE8}.Debug|Any CPU.Build.0 = Debug|Any CPU
		{BC6CFAE7-B59E-44B7-A77A-05F0E0BE3FE8}.Release|Any CPU.ActiveCfg = Release|Any CPU
		{BC6CFAE7-B59E-44B7-A77A-05F0E0BE3FE8}.Release|Any CPU.Build.0 = Release|Any CPU
		{1CED859F-A1D2-4A83-B5DC-79EB99C052BD}.Debug|Any CPU.ActiveCfg = Debug|Any CPU
		{1CED859F-A1D2-4A83-B5DC-79EB99C052BD}.Debug|Any CPU.Build.0 = Debug|Any CPU
		{1CED859F-A1D2-4A83-B5DC-79EB99C052BD}.Release|Any CPU.ActiveCfg = Release|Any CPU
		{1CED859F-A1D2-4A83-B5DC-79EB99C052BD}.Release|Any CPU.Build.0 = Release|Any CPU
		{2F08C183-1821-405B-A0D1-221AA9645251}.Debug|Any CPU.ActiveCfg = Debug|Any CPU
		{2F08C183-1821-405B-A0D1-221AA9645251}.Debug|Any CPU.Build.0 = Debug|Any CPU
		{2F08C183-1821-405B-A0D1-221AA9645251}.Release|Any CPU.ActiveCfg = Release|Any CPU
		{2F08C183-1821-405B-A0D1-221AA9645251}.Release|Any CPU.Build.0 = Release|Any CPU
		{C296EF27-7B3E-4AE8-815A-466594A4D252}.Debug|Any CPU.ActiveCfg = Debug|Any CPU
		{C296EF27-7B3E-4AE8-815A-466594A4D252}.Debug|Any CPU.Build.0 = Debug|Any CPU
		{C296EF27-7B3E-4AE8-815A-466594A4D252}.Release|Any CPU.ActiveCfg = Release|Any CPU
		{C296EF27-7B3E-4AE8-815A-466594A4D252}.Release|Any CPU.Build.0 = Release|Any CPU
		{9504E333-06CD-4C87-858F-B45458112468}.Debug|Any CPU.ActiveCfg = Debug|Any CPU
		{9504E333-06CD-4C87-858F-B45458112468}.Debug|Any CPU.Build.0 = Debug|Any CPU
		{9504E333-06CD-4C87-858F-B45458112468}.Release|Any CPU.ActiveCfg = Release|Any CPU
		{9504E333-06CD-4C87-858F-B45458112468}.Release|Any CPU.Build.0 = Release|Any CPU
	EndGlobalSection
	GlobalSection(SolutionProperties) = preSolution
		HideSolutionNode = FALSE
	EndGlobalSection
	GlobalSection(ExtensibilityGlobals) = postSolution
		SolutionGuid = {89A99099-1023-408C-B3BE-2909F28544B2}
	EndGlobalSection
EndGlobal
